
Microsoft Visual Studio Solution File, Format Version 12.00
# Visual Studio Version 17
VisualStudioVersion = 17.5.33530.505
MinimumVisualStudioVersion = 10.0.40219.1
Project("{FAE04EC0-301F-11D3-BF4B-00C04F79EFBC}") = "Code_First", "Code_First\Code_First.csproj", "{4F6C535C-CB00-48A9-B4B0-7DB7488D6C73}"
EndProject
Global
	GlobalSection(SolutionConfigurationPlatforms) = preSolution
		Debug|Any CPU = Debug|Any CPU
		Release|Any CPU = Release|Any CPU
	EndGlobalSection
	GlobalSection(ProjectConfigurationPlatforms) = postSolution
		{4F6C535C-CB00-48A9-B4B0-7DB7488D6C73}.Debug|Any CPU.ActiveCfg = Debug|Any CPU
		{4F6C535C-CB00-48A9-B4B0-7DB7488D6C73}.Debug|Any CPU.Build.0 = Debug|Any CPU
		{4F6C535C-CB00-48A9-B4B0-7DB7488D6C73}.Release|Any CPU.ActiveCfg = Release|Any CPU
		{4F6C535C-CB00-48A9-B4B0-7DB7488D6C73}.Release|Any CPU.Build.0 = Release|Any CPU
	EndGlobalSection
	GlobalSection(SolutionProperties) = preSolution
		HideSolutionNode = FALSE
	EndGlobalSection
	GlobalSection(ExtensibilityGlobals) = postSolution
		SolutionGuid = {32BBC6D9-F054-47AE-AFAC-BBB77EE51BDD}
	EndGlobalSection
EndGlobal
